
Microsoft Visual Studio Solution File, Format Version 12.00
# Visual Studio Version 16
VisualStudioVersion = 16.0.31424.327
MinimumVisualStudioVersion = 10.0.40219.1
Project("{9A19103F-16F7-4668-BE54-9A1E7A4F7556}") = "Lookif.UI.Component", "Lookif.UI.Component\Lookif.UI.Component.csproj", "{5FCD2C0E-4102-4D39-99DC-1D463D513C8C}"
EndProject
Global
	GlobalSection(SolutionConfigurationPlatforms) = preSolution
		Debug|Any CPU = Debug|Any CPU
		Release|Any CPU = Release|Any CPU
	EndGlobalSection
	GlobalSection(ProjectConfigurationPlatforms) = postSolution
		{5FCD2C0E-4102-4D39-99DC-1D463D513C8C}.Debug|Any CPU.ActiveCfg = Debug|Any CPU
		{5FCD2C0E-4102-4D39-99DC-1D463D513C8C}.Debug|Any CPU.Build.0 = Debug|Any CPU
		{5FCD2C0E-4102-4D39-99DC-1D463D513C8C}.Release|Any CPU.ActiveCfg = Release|Any CPU
		{5FCD2C0E-4102-4D39-99DC-1D463D513C8C}.Release|Any CPU.Build.0 = Release|Any CPU
	EndGlobalSection
	GlobalSection(SolutionProperties) = preSolution
		HideSolutionNode = FALSE
	EndGlobalSection
	GlobalSection(ExtensibilityGlobals) = postSolution
		SolutionGuid = {18CD1570-2DF1-4DB9-9F43-E26B28851940}
	EndGlobalSection
EndGlobal
